
Microsoft Visual Studio Solution File, Format Version 12.00
# Visual Studio Version 16
VisualStudioVersion = 16.0.31911.196
MinimumVisualStudioVersion = 10.0.40219.1
Project("{FAE04EC0-301F-11D3-BF4B-00C04F79EFBC}") = "CoreDepartman1", "CoreDepartman1\CoreDepartman1.csproj", "{9A55F2EC-6D01-44BE-B6AA-4CADEE1CDACF}"
EndProject
Global
	GlobalSection(SolutionConfigurationPlatforms) = preSolution
		Debug|Any CPU = Debug|Any CPU
		Release|Any CPU = Release|Any CPU
	EndGlobalSection
	GlobalSection(ProjectConfigurationPlatforms) = postSolution
		{9A55F2EC-6D01-44BE-B6AA-4CADEE1CDACF}.Debug|Any CPU.ActiveCfg = Debug|Any CPU
		{9A55F2EC-6D01-44BE-B6AA-4CADEE1CDACF}.Debug|Any CPU.Build.0 = Debug|Any CPU
		{9A55F2EC-6D01-44BE-B6AA-4CADEE1CDACF}.Release|Any CPU.ActiveCfg = Release|Any CPU
		{9A55F2EC-6D01-44BE-B6AA-4CADEE1CDACF}.Release|Any CPU.Build.0 = Release|Any CPU
	EndGlobalSection
	GlobalSection(SolutionProperties) = preSolution
		HideSolutionNode = FALSE
	EndGlobalSection
	GlobalSection(ExtensibilityGlobals) = postSolution
		SolutionGuid = {95CBA0E6-A157-4BFF-B74B-94833E91AA51}
	EndGlobalSection
EndGlobal
